{
  "nodes": {
    "nixCats": {
      "locked": {
        "lastModified": 1737634875,
        "narHash": "sha256-MTaA2fy/ngAbu/Fa6YduE7IYNi0q1jaPjn0m34u2CoU=",
        "owner": "BirdeeHub",
        "repo": "nixCats-nvim",
        "rev": "77c72ac3fb9a49b7a7a68cd8ed55a0bd4e64a5c5",
        "type": "github"
      },
      "original": {
        "owner": "BirdeeHub",
        "repo": "nixCats-nvim",
        "type": "github"
      }
    },
    "nixpkgs": {
      "locked": {
        "lastModified": 1737525964,
        "narHash": "sha256-3wFonKmNRWKq1himW9N3TllbeGIHFACI5vmLpk6moF8=",
        "owner": "nixos",
        "repo": "nixpkgs",
        "rev": "5757bbb8bd7c0630a0cc4bb19c47e588db30b97c",
        "type": "github"
      },
      "original": {
        "owner": "nixos",
        "ref": "nixpkgs-unstable",
        "repo": "nixpkgs",
        "type": "github"
      }
    },
    "root": {
      "inputs": {
        "nixCats": "nixCats",
        "nixpkgs": "nixpkgs"
      }
    }
  },
  "root": "root",
  "version": 7
}
