{
  "nodes": {
    "nixCats": {
      "locked": {
        "lastModified": 1742450121,
        "narHash": "sha256-zxf9ETu6S+WAeD6BRkA5tmd4kVvPCHw5INoUYkqygT0=",
        "owner": "BirdeeHub",
        "repo": "nixCats-nvim",
        "rev": "4e7e8b07eff53c67cb5f4e03ed041124f01f06dc",
        "type": "github"
      },
      "original": {
        "owner": "BirdeeHub",
        "repo": "nixCats-nvim",
        "type": "github"
      }
    },
    "nixpkgs": {
      "locked": {
        "lastModified": 1742272065,
        "narHash": "sha256-ud8vcSzJsZ/CK+r8/v0lyf4yUntVmDq6Z0A41ODfWbE=",
        "owner": "nixos",
        "repo": "nixpkgs",
        "rev": "3549532663732bfd89993204d40543e9edaec4f2",
        "type": "github"
      },
      "original": {
        "owner": "nixos",
        "ref": "nixpkgs-unstable",
        "repo": "nixpkgs",
        "type": "github"
      }
    },
    "root": {
      "inputs": {
        "nixCats": "nixCats",
        "nixpkgs": "nixpkgs"
      }
    }
  },
  "root": "root",
  "version": 7
}
